# THIS IS AN AUTOGENERATED FILE. DO NOT EDIT THIS FILE DIRECTLY.
# yarn lockfile v1


"@azure/msal-common@^6.3.0":
  "integrity" "sha512-ZyLq9GdnLBi/83YpysE86TFKbA0TuvfNAN5Psqu20cdAjLo/4rw4ttiItdh1G//XeGErHk9qn57gi2AYU1b5/Q=="
  "resolved" "https://registry.npmjs.org/@azure/msal-common/-/msal-common-6.3.0.tgz"
  "version" "6.3.0"

"@azure/msal-node@^1.1.0":
  "integrity" "sha512-lw6ejz1WPqcdjkwp91Gidte98+kfGxHk9eYSmmpUChzrUUrZMFGvrtrvG3Qnr6bp5d4WijVge9LMe+2QQUMhoA=="
  "resolved" "https://registry.npmjs.org/@azure/msal-node/-/msal-node-1.9.0.tgz"
  "version" "1.9.0"
  dependencies:
    "@azure/msal-common" "^6.3.0"
    "axios" "^0.21.4"
    "https-proxy-agent" "^5.0.0"
    "jsonwebtoken" "^8.5.1"
    "uuid" "^8.3.0"

"@discordjs/collection@^0.1.6":
  "integrity" "sha512-utRNxnd9kSS2qhyivo9lMlt5qgAUasH2gb7BEOn6p0efFh24gjGomHzWKMAPn2hEReOPQZCJaRKoURwRotKucQ=="
  "resolved" "https://registry.npmjs.org/@discordjs/collection/-/collection-0.1.6.tgz"
  "version" "0.1.6"

"@discordjs/form-data@^3.0.1":
  "integrity" "sha512-ZfFsbgEXW71Rw/6EtBdrP5VxBJy4dthyC0tpQKGKmYFImlmmrykO14Za+BiIVduwjte0jXEBlhSKf0MWbFp9Eg=="
  "resolved" "https://registry.npmjs.org/@discordjs/form-data/-/form-data-3.0.1.tgz"
  "version" "3.0.1"
  dependencies:
    "asynckit" "^0.4.0"
    "combined-stream" "^1.0.8"
    "mime-types" "^2.1.12"

"@types/node@*":
  "integrity" "sha512-AR0x5HbXGqkEx9CadRH3EBYx/VkiUgZIhP4wvPn/+5KIsgpNoyFaRlVe0Zlx9gRtg8fA06a9tskE2MSN7TcG4Q=="
  "resolved" "https://registry.npmjs.org/@types/node/-/node-17.0.31.tgz"
  "version" "17.0.31"

"@types/readable-stream@^2.3.13":
  "integrity" "sha512-4JSCx8EUzaW9Idevt+9lsRAt1lcSccoQfE+AouM1gk8sFxnnytKNIO3wTl9Dy+4m6jRJ1yXhboLHHT/LXBQiEw=="
  "resolved" "https://registry.npmjs.org/@types/readable-stream/-/readable-stream-2.3.13.tgz"
  "version" "2.3.13"
  dependencies:
    "@types/node" "*"
    "safe-buffer" "*"

"@xboxreplay/errors@^0.1.0":
  "integrity" "sha512-Tgz1d/OIPDWPeyOvuL5+aai5VCcqObhPnlI3skQuf80GVF3k1I0lPCnGC+8Cm5PV9aLBT5m8qPcJoIUQ2U4y9g=="
  "resolved" "https://registry.npmjs.org/@xboxreplay/errors/-/errors-0.1.0.tgz"
  "version" "0.1.0"

"@xboxreplay/xboxlive-auth@^3.3.3":
  "integrity" "sha512-j0AU8pW10LM8O68CTZ5QHnvOjSsnPICy0oQcP7zyM7eWkDQ/InkiQiirQKsPn1XRYDl4ccNu0WM582s3UKwcBg=="
  "resolved" "https://registry.npmjs.org/@xboxreplay/xboxlive-auth/-/xboxlive-auth-3.3.3.tgz"
  "version" "3.3.3"
  dependencies:
    "@xboxreplay/errors" "^0.1.0"
    "axios" "^0.21.1"

"abort-controller@^3.0.0":
  "integrity" "sha512-h8lQ8tacZYnR3vNQTgibj+tODHI5/+l06Au2Pcriv/Gmet0eaj4TwWH41sO9wnHDiQsEj19q0drzdWdeAHtweg=="
  "resolved" "https://registry.npmjs.org/abort-controller/-/abort-controller-3.0.0.tgz"
  "version" "3.0.0"
  dependencies:
    "event-target-shim" "^5.0.0"

"accepts@~1.3.8":
  "integrity" "sha512-PYAthTa2m2VKxuvSD3DPC/Gy+U+sOA1LAuT8mkmRuvw+NACSaeXEQ+NHcVF7rONl6qcaxV3Uuemwawk+7+SJLw=="
  "resolved" "https://registry.npmjs.org/accepts/-/accepts-1.3.8.tgz"
  "version" "1.3.8"
  dependencies:
    "mime-types" "~2.1.34"
    "negotiator" "0.6.3"

"aes-js@^3.1.2":
  "integrity" "sha512-e5pEa2kBnBOgR4Y/p20pskXI74UEz7de8ZGVo58asOtvSVG5YAbJeELPZxOmt+Bnz3rX753YKhfIn4X4l1PPRQ=="
  "resolved" "https://registry.npmjs.org/aes-js/-/aes-js-3.1.2.tgz"
  "version" "3.1.2"

"agent-base@6":
  "integrity" "sha512-RZNwNclF7+MS/8bDg70amg32dyeZGZxiDuQmZxKLAlQjr3jGyLx+4Kkk58UO7D2QdgFIQCovuSuZESne6RG6XQ=="
  "resolved" "https://registry.npmjs.org/agent-base/-/agent-base-6.0.2.tgz"
  "version" "6.0.2"
  dependencies:
    "debug" "4"

"ajv@^6.5.4":
  "integrity" "sha512-j3fVLgvTo527anyYyJOGTYJbG+vnnQYvE0m5mmkc1TK+nxAppkCLMIL0aZ4dblVCNoGShhm+kzE4ZUykBoMg4g=="
  "resolved" "https://registry.npmjs.org/ajv/-/ajv-6.12.6.tgz"
  "version" "6.12.6"
  dependencies:
    "fast-deep-equal" "^3.1.1"
    "fast-json-stable-stringify" "^2.0.0"
    "json-schema-traverse" "^0.4.1"
    "uri-js" "^4.2.2"

"ansi-styles@^4.1.0":
  "integrity" "sha512-zbB9rCJAT1rbjiVDb2hqKFHNYLxgtk8NURxZ3IZwD3F6NtxbXZQCnnSi1Lkx+IDohdPlFp222wVALIheZJQSEg=="
  "resolved" "https://registry.npmjs.org/ansi-styles/-/ansi-styles-4.3.0.tgz"
  "version" "4.3.0"
  dependencies:
    "color-convert" "^2.0.1"

"array-flatten@1.1.1":
  "integrity" "sha1-ml9pkFGx5wczKPKgCJaLZOopVdI="
  "resolved" "https://registry.npmjs.org/array-flatten/-/array-flatten-1.1.1.tgz"
  "version" "1.1.1"

"asn1@0.2.3":
  "integrity" "sha1-2sh4dxPJlmhJ/IGAd36+nB3fO4Y="
  "resolved" "https://registry.npmjs.org/asn1/-/asn1-0.2.3.tgz"
  "version" "0.2.3"

"asynckit@^0.4.0":
  "integrity" "sha1-x57Zf380y48robyXkLzDZkdLS3k="
  "resolved" "https://registry.npmjs.org/asynckit/-/asynckit-0.4.0.tgz"
  "version" "0.4.0"

"axios@^0.21.1", "axios@^0.21.4":
  "integrity" "sha512-ut5vewkiu8jjGBdqpM44XxjuCjq9LAKeHVmoVfHVzy8eHgxxq8SbAVQNovDA8mVi05kP0Ea/n/UzcSHcTJQfNg=="
  "resolved" "https://registry.npmjs.org/axios/-/axios-0.21.4.tgz"
  "version" "0.21.4"
  dependencies:
    "follow-redirects" "^1.14.0"

"body-parser@1.20.0":
  "integrity" "sha512-DfJ+q6EPcGKZD1QWUjSpqp+Q7bDQTsQIF4zfUAtZ6qk+H/3/QRhg9CEp39ss+/T2vw0+HaidC0ecJj/DRLIaKg=="
  "resolved" "https://registry.npmjs.org/body-parser/-/body-parser-1.20.0.tgz"
  "version" "1.20.0"
  dependencies:
    "bytes" "3.1.2"
    "content-type" "~1.0.4"
    "debug" "2.6.9"
    "depd" "2.0.0"
    "destroy" "1.2.0"
    "http-errors" "2.0.0"
    "iconv-lite" "0.4.24"
    "on-finished" "2.4.1"
    "qs" "6.10.3"
    "raw-body" "2.5.1"
    "type-is" "~1.6.18"
    "unpipe" "1.0.0"

"buffer-equal-constant-time@1.0.1":
  "integrity" "sha1-+OcRMvf/5uAaXJaXpMbz5I1cyBk="
  "resolved" "https://registry.npmjs.org/buffer-equal-constant-time/-/buffer-equal-constant-time-1.0.1.tgz"
  "version" "1.0.1"

"buffer-equal@^1.0.0":
  "integrity" "sha1-WWFrSYME1Var1GaWayLu2j7KX74="
  "resolved" "https://registry.npmjs.org/buffer-equal/-/buffer-equal-1.0.0.tgz"
  "version" "1.0.0"

"bytes@3.1.2":
  "integrity" "sha512-/Nf7TyzTx6S3yRJObOAV7956r8cr2+Oj8AC5dt8wSP3BQAoeX58NoHyCU8P8zGkNXStjTSi6fzO6F0pBdcYbEg=="
  "resolved" "https://registry.npmjs.org/bytes/-/bytes-3.1.2.tgz"
  "version" "3.1.2"

"call-bind@^1.0.0":
  "integrity" "sha512-7O+FbCihrB5WGbFYesctwmTKae6rOiIzmz1icreWJ+0aA7LJfuqhEso2T9ncpcFtzMQtzXf2QGGueWJGTYsqrA=="
  "resolved" "https://registry.npmjs.org/call-bind/-/call-bind-1.0.2.tgz"
  "version" "1.0.2"
  dependencies:
    "function-bind" "^1.1.1"
    "get-intrinsic" "^1.0.2"

"chalk@^4.1.0":
  "integrity" "sha512-oKnbhFyRIXpUuez8iBMmyEa4nbj4IOQyuhc/wy9kY7/WVPcwIO9VA668Pu8RkO7+0G76SLROeyw9CpQ061i4mA=="
  "resolved" "https://registry.npmjs.org/chalk/-/chalk-4.1.2.tgz"
  "version" "4.1.2"
  dependencies:
    "ansi-styles" "^4.1.0"
    "supports-color" "^7.1.0"

"color-convert@^2.0.1":
  "integrity" "sha512-RRECPsj7iu/xb5oKYcsFHSppFNnsj/52OVTRKb4zP5onXwVF3zVmmToNcOfGC+CRDpfK/U584fMg38ZHCaElKQ=="
  "resolved" "https://registry.npmjs.org/color-convert/-/color-convert-2.0.1.tgz"
  "version" "2.0.1"
  dependencies:
    "color-name" "~1.1.4"

"color-name@~1.1.4":
  "integrity" "sha512-dOy+3AuW3a2wNbZHIuMZpTcgjGuLU/uBL/ubcZF9OXbDo8ff4O8yVp5Bf0efS8uEoYo5q4Fx7dY9OgQGXgAsQA=="
  "resolved" "https://registry.npmjs.org/color-name/-/color-name-1.1.4.tgz"
  "version" "1.1.4"

"combined-stream@^1.0.8":
  "integrity" "sha512-FQN4MRfuJeHf7cBbBMJFXhKSDq+2kAArBlmRBvcvFE5BB1HZKXtSFASDhdlz9zOYwxh8lDdnvmMOe/+5cdoEdg=="
  "resolved" "https://registry.npmjs.org/combined-stream/-/combined-stream-1.0.8.tgz"
  "version" "1.0.8"
  dependencies:
    "delayed-stream" "~1.0.0"

"commander@^2.19.0":
  "integrity" "sha512-GpVkmM8vF2vQUkj2LvZmD35JxeJOLCwJ9cUkugyk2nuhbv3+mJvpLYYt+0+USMxE+oj+ey/lJEnhZw75x/OMcQ=="
  "resolved" "https://registry.npmjs.org/commander/-/commander-2.20.3.tgz"
  "version" "2.20.3"

"content-disposition@0.5.4":
  "integrity" "sha512-FveZTNuGw04cxlAiWbzi6zTAL/lhehaWbTtgluJh4/E95DqMwTmha3KZN1aAWA8cFIhHzMZUvLevkw5Rqk+tSQ=="
  "resolved" "https://registry.npmjs.org/content-disposition/-/content-disposition-0.5.4.tgz"
  "version" "0.5.4"
  dependencies:
    "safe-buffer" "5.2.1"

"content-type@~1.0.4":
  "integrity" "sha512-hIP3EEPs8tB9AT1L+NUqtwOAps4mk2Zob89MWXMHjHWg9milF/j4osnnQLXBCBFBk/tvIG/tUc9mOUJiPBhPXA=="
  "resolved" "https://registry.npmjs.org/content-type/-/content-type-1.0.4.tgz"
  "version" "1.0.4"

"cookie-signature@1.0.6":
  "integrity" "sha1-4wOogrNCzD7oylE6eZmXNNqzriw="
  "resolved" "https://registry.npmjs.org/cookie-signature/-/cookie-signature-1.0.6.tgz"
  "version" "1.0.6"

"cookie@0.5.0":
  "integrity" "sha512-YZ3GUyn/o8gfKJlnlX7g7xq4gyO6OSuhGPKaaGssGB2qgDUS0gPgtTvoyZLTt9Ab6dC4hfc9dV5arkvc/OCmrw=="
  "resolved" "https://registry.npmjs.org/cookie/-/cookie-0.5.0.tgz"
  "version" "0.5.0"

"debug@^4.3.2":
  "integrity" "sha512-PRWFHuSU3eDtQJPvnNY7Jcket1j0t5OuOsFzPPzsekD52Zl8qUfFIPEiswXqIvHWGVHOgX+7G/vCNNhehwxfkQ=="
  "resolved" "https://registry.npmjs.org/debug/-/debug-4.3.4.tgz"
  "version" "4.3.4"
  dependencies:
    "ms" "2.1.2"

"debug@^4.3.3":
  "integrity" "sha512-PRWFHuSU3eDtQJPvnNY7Jcket1j0t5OuOsFzPPzsekD52Zl8qUfFIPEiswXqIvHWGVHOgX+7G/vCNNhehwxfkQ=="
  "resolved" "https://registry.npmjs.org/debug/-/debug-4.3.4.tgz"
  "version" "4.3.4"
  dependencies:
    "ms" "2.1.2"

"debug@2.6.9":
  "integrity" "sha512-bC7ElrdJaJnPbAP+1EotYvqZsb3ecl5wi6Bfi6BJTUcNowp6cvspg0jXznRTKDjm/E7AdgFBVeAPVMNcKGsHMA=="
  "resolved" "https://registry.npmjs.org/debug/-/debug-2.6.9.tgz"
  "version" "2.6.9"
  dependencies:
    "ms" "2.0.0"

"debug@4":
  "integrity" "sha512-PRWFHuSU3eDtQJPvnNY7Jcket1j0t5OuOsFzPPzsekD52Zl8qUfFIPEiswXqIvHWGVHOgX+7G/vCNNhehwxfkQ=="
  "resolved" "https://registry.npmjs.org/debug/-/debug-4.3.4.tgz"
  "version" "4.3.4"
  dependencies:
    "ms" "2.1.2"

"delayed-stream@~1.0.0":
  "integrity" "sha1-3zrhmayt+31ECqrgsp4icrJOxhk="
  "resolved" "https://registry.npmjs.org/delayed-stream/-/delayed-stream-1.0.0.tgz"
  "version" "1.0.0"

"depd@2.0.0":
  "integrity" "sha512-g7nH6P6dyDioJogAAGprGpCtVImJhpPk/roCzdb3fIh61/s/nPsfR6onyMwkCAR/OlC3yBC0lESvUoQEAssIrw=="
  "resolved" "https://registry.npmjs.org/depd/-/depd-2.0.0.tgz"
  "version" "2.0.0"

"destroy@1.2.0":
  "integrity" "sha512-2sJGJTaXIIaR1w4iJSNoN0hnMY7Gpc/n8D4qSCJw8QqFWXf7cuAgnEHxBpweaVcPevC2l3KpjYCx3NypQQgaJg=="
  "resolved" "https://registry.npmjs.org/destroy/-/destroy-1.2.0.tgz"
  "version" "1.2.0"

"discontinuous-range@1.0.0":
  "integrity" "sha1-44Mx8IRLukm5qctxx3FYWqsbxlo="
  "resolved" "https://registry.npmjs.org/discontinuous-range/-/discontinuous-range-1.0.0.tgz"
  "version" "1.0.0"

"discord.js-light@^3.5.0":
  "integrity" "sha512-FaOdReT+8CJsHXnjxlG7oK08uqVtIVaEXsbpS7V1O5DK6WSar29KsewkUcDHnCkU89MRhXsgNXhk7cVg0qYkGA=="
  "resolved" "https://registry.npmjs.org/discord.js-light/-/discord.js-light-3.5.11.tgz"
  "version" "3.5.11"
  dependencies:
    "discord.js" "12.5.3"

"discord.js@12.5.3":
  "integrity" "sha512-D3nkOa/pCkNyn6jLZnAiJApw2N9XrIsXUAdThf01i7yrEuqUmDGc7/CexVWwEcgbQR97XQ+mcnqJpmJ/92B4Aw=="
  "resolved" "https://registry.npmjs.org/discord.js/-/discord.js-12.5.3.tgz"
  "version" "12.5.3"
  dependencies:
    "@discordjs/collection" "^0.1.6"
    "@discordjs/form-data" "^3.0.1"
    "abort-controller" "^3.0.0"
    "node-fetch" "^2.6.1"
    "prism-media" "^1.2.9"
    "setimmediate" "^1.0.5"
    "tweetnacl" "^1.0.3"
    "ws" "^7.4.4"

"ecdsa-sig-formatter@1.0.11":
  "integrity" "sha512-nagl3RYrbNv6kQkeJIpt6NJZy8twLB/2vtz6yN9Z4vRKHN4/QZJIEbqohALSgwKdnksuY3k5Addp5lg8sVoVcQ=="
  "resolved" "https://registry.npmjs.org/ecdsa-sig-formatter/-/ecdsa-sig-formatter-1.0.11.tgz"
  "version" "1.0.11"
  dependencies:
    "safe-buffer" "^5.0.1"

"ee-first@1.1.1":
  "integrity" "sha1-WQxhFWsK4vTwJVcyoViyZrxWsh0="
  "resolved" "https://registry.npmjs.org/ee-first/-/ee-first-1.1.1.tgz"
  "version" "1.1.1"

"encodeurl@~1.0.2":
  "integrity" "sha1-rT/0yG7C0CkyL1oCw6mmBslbP1k="
  "resolved" "https://registry.npmjs.org/encodeurl/-/encodeurl-1.0.2.tgz"
  "version" "1.0.2"

"endian-toggle@^0.0.0":
  "integrity" "sha1-5cx1eLEDLW7gHq/Nc3ZdsNtNwKY="
  "resolved" "https://registry.npmjs.org/endian-toggle/-/endian-toggle-0.0.0.tgz"
  "version" "0.0.0"

"escape-html@~1.0.3":
  "integrity" "sha1-Aljq5NPQwJdN4cFpGI7wBR0dGYg="
  "resolved" "https://registry.npmjs.org/escape-html/-/escape-html-1.0.3.tgz"
  "version" "1.0.3"

"etag@~1.8.1":
  "integrity" "sha1-Qa4u62XvpiJorr/qg6x9eSmbCIc="
  "resolved" "https://registry.npmjs.org/etag/-/etag-1.8.1.tgz"
  "version" "1.8.1"

"event-target-shim@^5.0.0":
  "integrity" "sha512-i/2XbnSz/uxRCU6+NdVJgKWDTM427+MqYbkQzD321DuCQJUqOuJKIA0IM2+W2xtYHdKOmZ4dR6fExsd4SXL+WQ=="
  "resolved" "https://registry.npmjs.org/event-target-shim/-/event-target-shim-5.0.1.tgz"
  "version" "5.0.1"

"express@^4.17.1":
  "integrity" "sha512-zZBcOX9TfehHQhtupq57OF8lFZ3UZi08Y97dwFCkD8p9d/d2Y3M+ykKcwaMDEL+4qyUolgBDX6AblpR3fL212Q=="
  "resolved" "https://registry.npmjs.org/express/-/express-4.18.1.tgz"
  "version" "4.18.1"
  dependencies:
    "accepts" "~1.3.8"
    "array-flatten" "1.1.1"
    "body-parser" "1.20.0"
    "content-disposition" "0.5.4"
    "content-type" "~1.0.4"
    "cookie" "0.5.0"
    "cookie-signature" "1.0.6"
    "debug" "2.6.9"
    "depd" "2.0.0"
    "encodeurl" "~1.0.2"
    "escape-html" "~1.0.3"
    "etag" "~1.8.1"
    "finalhandler" "1.2.0"
    "fresh" "0.5.2"
    "http-errors" "2.0.0"
    "merge-descriptors" "1.0.1"
    "methods" "~1.1.2"
    "on-finished" "2.4.1"
    "parseurl" "~1.3.3"
    "path-to-regexp" "0.1.7"
    "proxy-addr" "~2.0.7"
    "qs" "6.10.3"
    "range-parser" "~1.2.1"
    "safe-buffer" "5.2.1"
    "send" "0.18.0"
    "serve-static" "1.15.0"
    "setprototypeof" "1.2.0"
    "statuses" "2.0.1"
    "type-is" "~1.6.18"
    "utils-merge" "1.0.1"
    "vary" "~1.1.2"

"fast-deep-equal@^3.1.1":
  "integrity" "sha512-f3qQ9oQy9j2AhBe/H9VC91wLmKBCCU/gDOnKNAYG5hswO7BLKj09Hc5HYNz9cGI++xlpDCIgDaitVs03ATR84Q=="
  "resolved" "https://registry.npmjs.org/fast-deep-equal/-/fast-deep-equal-3.1.3.tgz"
  "version" "3.1.3"

"fast-json-stable-stringify@^2.0.0":
  "integrity" "sha512-lhd/wF+Lk98HZoTCtlVraHtfh5XYijIjalXck7saUtuanSDyLMxnHhSXEDJqHxD7msR8D0uCmqlkwjCV8xvwHw=="
  "resolved" "https://registry.npmjs.org/fast-json-stable-stringify/-/fast-json-stable-stringify-2.1.0.tgz"
  "version" "2.1.0"

"finalhandler@1.2.0":
  "integrity" "sha512-5uXcUVftlQMFnWC9qu/svkWv3GTd2PfUhK/3PLkYNAe7FbqJMt3515HaxE6eRL74GdsriiwujiawdaB1BpEISg=="
  "resolved" "https://registry.npmjs.org/finalhandler/-/finalhandler-1.2.0.tgz"
  "version" "1.2.0"
  dependencies:
    "debug" "2.6.9"
    "encodeurl" "~1.0.2"
    "escape-html" "~1.0.3"
    "on-finished" "2.4.1"
    "parseurl" "~1.3.3"
    "statuses" "2.0.1"
    "unpipe" "~1.0.0"

"follow-redirects@^1.14.0":
  "integrity" "sha512-aExlJShTV4qOUOL7yF1U5tvLCB0xQuudbf6toyYA0E/acBNw71mvjFTnLaRp50aQaYocMR0a/RMMBIHeZnGyjQ=="
  "resolved" "https://registry.npmjs.org/follow-redirects/-/follow-redirects-1.15.0.tgz"
  "version" "1.15.0"

"forwarded@0.2.0":
  "integrity" "sha512-buRG0fpBtRHSTCOASe6hD258tEubFoRLb4ZNA6NxMVHNw2gOcwHo9wyablzMzOA5z9xA9L1KNjk/Nt6MT9aYow=="
  "resolved" "https://registry.npmjs.org/forwarded/-/forwarded-0.2.0.tgz"
  "version" "0.2.0"

"fresh@0.5.2":
  "integrity" "sha1-PYyt2Q2XZWn6g1qx+OSyOhBWBac="
  "resolved" "https://registry.npmjs.org/fresh/-/fresh-0.5.2.tgz"
  "version" "0.5.2"

"function-bind@^1.1.1":
  "integrity" "sha512-yIovAzMX49sF8Yl58fSCWJ5svSLuaibPxXQJFLmBObTuCr0Mf1KiPopGM9NiFjiYBCbfaa2Fh6breQ6ANVTI0A=="
  "resolved" "https://registry.npmjs.org/function-bind/-/function-bind-1.1.1.tgz"
  "version" "1.1.1"

"get-intrinsic@^1.0.2":
  "integrity" "sha512-kWZrnVM42QCiEA2Ig1bG8zjoIMOgxWwYCEeNdwY6Tv/cOSeGpcoX4pXHfKUxNKVoArnrEr2e9srnAxxGIraS9Q=="
  "resolved" "https://registry.npmjs.org/get-intrinsic/-/get-intrinsic-1.1.1.tgz"
  "version" "1.1.1"
  dependencies:
    "function-bind" "^1.1.1"
    "has" "^1.0.3"
    "has-symbols" "^1.0.1"

"has-flag@^4.0.0":
  "integrity" "sha512-EykJT/Q1KjTWctppgIAgfSO0tKVuZUjhgMr17kqTumMl6Afv3EISleU7qZUzoXDFTAHTDC4NOoG/ZxU3EvlMPQ=="
  "resolved" "https://registry.npmjs.org/has-flag/-/has-flag-4.0.0.tgz"
  "version" "4.0.0"

"has-symbols@^1.0.1":
  "integrity" "sha512-l3LCuF6MgDNwTDKkdYGEihYjt5pRPbEg46rtlmnSPlUbgmB8LOIrKJbYYFBSbnPaJexMKtiPO8hmeRjRz2Td+A=="
  "resolved" "https://registry.npmjs.org/has-symbols/-/has-symbols-1.0.3.tgz"
  "version" "1.0.3"

"has@^1.0.3":
  "integrity" "sha512-f2dvO0VU6Oej7RkWJGrehjbzMAjFp5/VKPp5tTpWIV4JHHZK1/BxbFRtf/siA2SWTe09caDmVtYYzWEIbBS4zw=="
  "resolved" "https://registry.npmjs.org/has/-/has-1.0.3.tgz"
  "version" "1.0.3"
  dependencies:
    "function-bind" "^1.1.1"

"http-errors@2.0.0":
  "integrity" "sha512-FtwrG/euBzaEjYeRqOgly7G0qviiXoJWnvEH2Z1plBdXgbyjv34pHTSb9zoeHMyDy33+DWy5Wt9Wo+TURtOYSQ=="
  "resolved" "https://registry.npmjs.org/http-errors/-/http-errors-2.0.0.tgz"
  "version" "2.0.0"
  dependencies:
    "depd" "2.0.0"
    "inherits" "2.0.4"
    "setprototypeof" "1.2.0"
    "statuses" "2.0.1"
    "toidentifier" "1.0.1"

"https-proxy-agent@^5.0.0":
  "integrity" "sha512-dFcAjpTQFgoLMzC2VwU+C/CbS7uRL0lWmxDITmqm7C+7F0Odmj6s9l6alZc6AELXhrnggM2CeWSXHGOdX2YtwA=="
  "resolved" "https://registry.npmjs.org/https-proxy-agent/-/https-proxy-agent-5.0.1.tgz"
  "version" "5.0.1"
  dependencies:
    "agent-base" "6"
    "debug" "4"

"iconv-lite@0.4.24":
  "integrity" "sha512-v3MXnZAcvnywkTUEZomIActle7RXXeedOR31wwl7VlyoXO4Qi9arvSenNQWne1TcRwhCL1HwLI21bEqdpj8/rA=="
  "resolved" "https://registry.npmjs.org/iconv-lite/-/iconv-lite-0.4.24.tgz"
  "version" "0.4.24"
  dependencies:
    "safer-buffer" ">= 2.1.2 < 3"

"inherits@^2.0.3", "inherits@2.0.4":
  "integrity" "sha512-k/vGaX4/Yla3WzyMCvTQOXYeIHvqOKtnqBduzTHpzpQZzAskKMhZ2K+EnBiSM9zGSoIFeMpXKxa4dYeZIQqewQ=="
  "resolved" "https://registry.npmjs.org/inherits/-/inherits-2.0.4.tgz"
  "version" "2.0.4"

"ipaddr.js@1.9.1":
  "integrity" "sha512-0KI/607xoxSToH7GjN1FfSbLoU0+btTicjsQSWQlh/hZykN8KpmMf7uYwPW3R+akZ6R/w18ZlXSHBYXiYUPO3g=="
  "resolved" "https://registry.npmjs.org/ipaddr.js/-/ipaddr.js-1.9.1.tgz"
  "version" "1.9.1"

"jose@^4.1.4":
  "integrity" "sha512-+/hpTbRcCw9YC0TOfN1W47pej4a9lRmltdOVdRLz5FP5UvUq3CenhXjQK7u/8NdMIIShMXYAh9VLPhc7TjhvFw=="
  "resolved" "https://registry.npmjs.org/jose/-/jose-4.8.1.tgz"
  "version" "4.8.1"

"json-schema-traverse@^0.4.1":
  "integrity" "sha512-xbbCH5dCYU5T8LcEhhuh7HJ88HXuW3qsI3Y0zOZFKfZEHcpWiHU/Jxzk629Brsab/mMiHQti9wMP+845RPe3Vg=="
  "resolved" "https://registry.npmjs.org/json-schema-traverse/-/json-schema-traverse-0.4.1.tgz"
  "version" "0.4.1"

"jsonwebtoken@^8.5.1":
  "integrity" "sha512-XjwVfRS6jTMsqYs0EsuJ4LGxXV14zQybNd4L2r0UvbVnSF9Af8x7p5MzbJ90Ioz/9TI41/hTCvznF/loiSzn8w=="
  "resolved" "https://registry.npmjs.org/jsonwebtoken/-/jsonwebtoken-8.5.1.tgz"
  "version" "8.5.1"
  dependencies:
    "jws" "^3.2.2"
    "lodash.includes" "^4.3.0"
    "lodash.isboolean" "^3.0.3"
    "lodash.isinteger" "^4.0.4"
    "lodash.isnumber" "^3.0.3"
    "lodash.isplainobject" "^4.0.6"
    "lodash.isstring" "^4.0.1"
    "lodash.once" "^4.0.0"
    "ms" "^2.1.1"
    "semver" "^5.6.0"

"jwa@^1.4.1":
  "integrity" "sha512-qiLX/xhEEFKUAJ6FiBMbes3w9ATzyk5W7Hvzpa/SLYdxNtng+gcurvrI7TbACjIXlsJyr05/S1oUhZrc63evQA=="
  "resolved" "https://registry.npmjs.org/jwa/-/jwa-1.4.1.tgz"
  "version" "1.4.1"
  dependencies:
    "buffer-equal-constant-time" "1.0.1"
    "ecdsa-sig-formatter" "1.0.11"
    "safe-buffer" "^5.0.1"

"jws@^3.2.2":
  "integrity" "sha512-YHlZCB6lMTllWDtSPHz/ZXTsi8S00usEV6v1tjq8tOUZzw7DpSDWVXjXDre6ed1w/pd495ODpHZYSdkRTsa0HA=="
  "resolved" "https://registry.npmjs.org/jws/-/jws-3.2.2.tgz"
  "version" "3.2.2"
  dependencies:
    "jwa" "^1.4.1"
    "safe-buffer" "^5.0.1"

"lodash.get@^4.1.2", "lodash.get@^4.4.2":
  "integrity" "sha1-LRd/ZS+jHpObRDjVNBSZ36OCXpk="
  "resolved" "https://registry.npmjs.org/lodash.get/-/lodash.get-4.4.2.tgz"
  "version" "4.4.2"

"lodash.includes@^4.3.0":
  "integrity" "sha1-YLuYqHy5I8aMoeUTJUgzFISfVT8="
  "resolved" "https://registry.npmjs.org/lodash.includes/-/lodash.includes-4.3.0.tgz"
  "version" "4.3.0"

"lodash.isboolean@^3.0.3":
  "integrity" "sha1-bC4XHbKiV82WgC/UOwGyDV9YcPY="
  "resolved" "https://registry.npmjs.org/lodash.isboolean/-/lodash.isboolean-3.0.3.tgz"
  "version" "3.0.3"

"lodash.isinteger@^4.0.4":
  "integrity" "sha1-YZwK89A/iwTDH1iChAt3sRzWg0M="
  "resolved" "https://registry.npmjs.org/lodash.isinteger/-/lodash.isinteger-4.0.4.tgz"
  "version" "4.0.4"

"lodash.isnumber@^3.0.3":
  "integrity" "sha1-POdoEMWSjQM1IwGsKHMX8RwLH/w="
  "resolved" "https://registry.npmjs.org/lodash.isnumber/-/lodash.isnumber-3.0.3.tgz"
  "version" "3.0.3"

"lodash.isplainobject@^4.0.6":
  "integrity" "sha1-fFJqUtibRcRcxpC4gWO+BJf1UMs="
  "resolved" "https://registry.npmjs.org/lodash.isplainobject/-/lodash.isplainobject-4.0.6.tgz"
  "version" "4.0.6"

"lodash.isstring@^4.0.1":
  "integrity" "sha1-1SfftUVuynzJu5XV2ur4i6VKVFE="
  "resolved" "https://registry.npmjs.org/lodash.isstring/-/lodash.isstring-4.0.1.tgz"
  "version" "4.0.1"

"lodash.merge@^4.3.0":
  "integrity" "sha512-0KpjqXRVvrYyCsX1swR/XTK0va6VQkQM6MNo7PqW77ByjAhoARA8EfrP1N4+KlKj8YS0ZUCtRT/YUuhyYDujIQ=="
  "resolved" "https://registry.npmjs.org/lodash.merge/-/lodash.merge-4.6.2.tgz"
  "version" "4.6.2"

"lodash.once@^4.0.0":
  "integrity" "sha1-DdOXEhPHxW34gJd9UEyI+0cal6w="
  "resolved" "https://registry.npmjs.org/lodash.once/-/lodash.once-4.1.1.tgz"
  "version" "4.1.1"

"lodash.reduce@^4.6.0":
  "integrity" "sha1-8atrg5KZrUj3hKu/R2WW8DuRTTs="
  "resolved" "https://registry.npmjs.org/lodash.reduce/-/lodash.reduce-4.6.0.tgz"
  "version" "4.6.0"

"macaddress@^0.5.1":
  "integrity" "sha512-cYYBbT3b84hTEHssWE6OmsuqF/NiLXE2RGK9Sc9SwwE9kMoKrbaUAJtKs6ucd0FFgZjXE1Wm3hoGEEYas0N6EA=="
  "resolved" "https://registry.npmjs.org/macaddress/-/macaddress-0.5.2.tgz"
  "version" "0.5.2"

"media-typer@0.3.0":
  "integrity" "sha1-hxDXrwqmJvj/+hzgAWhUUmMlV0g="
  "resolved" "https://registry.npmjs.org/media-typer/-/media-typer-0.3.0.tgz"
  "version" "0.3.0"

"merge-descriptors@1.0.1":
  "integrity" "sha1-sAqqVW3YtEVoFQ7J0blT8/kMu2E="
  "resolved" "https://registry.npmjs.org/merge-descriptors/-/merge-descriptors-1.0.1.tgz"
  "version" "1.0.1"

"methods@~1.1.2":
  "integrity" "sha1-VSmk1nZUE07cxSZmVoNbD4Ua/O4="
  "resolved" "https://registry.npmjs.org/methods/-/methods-1.1.2.tgz"
  "version" "1.1.2"

"mime-db@1.52.0":
  "integrity" "sha512-sPU4uV7dYlvtWJxwwxHD0PuihVNiE7TyAbQ5SWxDCB9mUYvOgroQOwYQQOKPJ8CIbE+1ETVlOoK1UC2nU3gYvg=="
  "resolved" "https://registry.npmjs.org/mime-db/-/mime-db-1.52.0.tgz"
  "version" "1.52.0"

"mime-types@^2.1.12", "mime-types@~2.1.24", "mime-types@~2.1.34":
  "integrity" "sha512-ZDY+bPm5zTTF+YpCrAU9nK0UgICYPT0QtT1NZWFv4s++TNkcgVaT0g6+4R2uI4MjQjzysHB1zxuWL50hzaeXiw=="
  "resolved" "https://registry.npmjs.org/mime-types/-/mime-types-2.1.35.tgz"
  "version" "2.1.35"
  dependencies:
    "mime-db" "1.52.0"

"mime@1.6.0":
  "integrity" "sha512-x0Vn8spI+wuJ1O6S7gnbaQg8Pxh4NNHb7KSINmEWKiPE4RKOplvijn+NkmYmmRgP68mc70j2EbeTFRsrswaQeg=="
  "resolved" "https://registry.npmjs.org/mime/-/mime-1.6.0.tgz"
  "version" "1.6.0"

"minecraft-data@^3.0.0":
  "integrity" "sha512-dB8IibYi7iygiNNXaC6JGSAc7UkDebq1rQ9AMZMaY8Y0VeSRnRl9qD3YlnK0Oz3ywtgHnHOyHT/tGIbX8pCPJQ=="
  "resolved" "https://registry.npmjs.org/minecraft-data/-/minecraft-data-3.1.1.tgz"
  "version" "3.1.1"

"minecraft-folder-path@^1.2.0":
  "integrity" "sha512-qaUSbKWoOsH9brn0JQuBhxNAzTDMwrOXorwuRxdJKKKDYvZhtml+6GVCUrY5HRiEsieBEjCUnhVpDuQiKsiFaw=="
  "resolved" "https://registry.npmjs.org/minecraft-folder-path/-/minecraft-folder-path-1.2.0.tgz"
  "version" "1.2.0"

"minecraft-protocol@^1.31.0":
  "integrity" "sha512-YqS0LWz2Fq4iA/HEWmUrlV8arlVSD36yayYryXpeNgv5mCpEeOocO+i0td+bzAqPA5z0RxZT3IbiWAZCYrkvHA=="
  "resolved" "https://registry.npmjs.org/minecraft-protocol/-/minecraft-protocol-1.34.0.tgz"
  "version" "1.34.0"
  dependencies:
    "@types/readable-stream" "^2.3.13"
    "aes-js" "^3.1.2"
    "buffer-equal" "^1.0.0"
    "debug" "^4.3.2"
    "endian-toggle" "^0.0.0"
    "lodash.get" "^4.1.2"
    "lodash.merge" "^4.3.0"
    "minecraft-data" "^3.0.0"
    "minecraft-folder-path" "^1.2.0"
    "node-fetch" "^2.6.1"
    "node-rsa" "^0.4.2"
    "prismarine-auth" "^1.1.0"
    "prismarine-nbt" "^2.0.0"
    "protodef" "^1.8.0"
    "readable-stream" "^3.0.6"
    "uuid-1345" "^1.0.1"
    "yggdrasil" "^1.4.0"

"mineflayer@^4.3.0":
  "integrity" "sha512-GOA/kjtwjw05/OQehei40YjJ215NrZaBjpK6jWshdo4KmJAs9cnSQ+3TmU838V5zb6wDDQ9XEnAJ55loTyYCPw=="
  "resolved" "https://registry.npmjs.org/mineflayer/-/mineflayer-4.3.0.tgz"
  "version" "4.3.0"
  dependencies:
    "minecraft-data" "^3.0.0"
    "minecraft-protocol" "^1.31.0"
    "prismarine-biome" "^1.1.1"
    "prismarine-block" "^1.13.1"
    "prismarine-chat" "^1.3.3"
    "prismarine-chunk" "^1.29.0"
    "prismarine-entity" "^2.0.0"
    "prismarine-item" "^1.11.5"
    "prismarine-nbt" "^2.0.0"
    "prismarine-physics" "^1.3.1"
    "prismarine-recipe" "^1.1.0"
    "prismarine-registry" "^1.0.0"
    "prismarine-windows" "^2.4.2"
    "prismarine-world" "^3.6.0"
    "protodef" "^1.14.0"
    "typed-emitter" "^1.0.0"
    "vec3" "^0.1.7"

"mojangson@^2.0.1":
  "integrity" "sha512-iGPRE1Ez+W+42Dt4Ao91c9VVs+FmuRUlAFDef76xRX3mbZrTNuezDtFI0PbfYqheg/B0fSiq0Q0V1emZNt37cw=="
  "resolved" "https://registry.npmjs.org/mojangson/-/mojangson-2.0.2.tgz"
  "version" "2.0.2"
  dependencies:
    "nearley" "^2.19.5"

"moo@^0.5.0":
  "integrity" "sha512-I1mnb5xn4fO80BH9BLcF0yLypy2UKl+Cb01Fu0hJRkJjlCRtxZMWkTdAtDd5ZqCOxtCkhmRwyI57vWT+1iZ67w=="
  "resolved" "https://registry.npmjs.org/moo/-/moo-0.5.1.tgz"
  "version" "0.5.1"

"ms@^2.1.1":
  "integrity" "sha512-6FlzubTLZG3J2a/NVCAleEhjzq5oxgHyaCU9yYXvcLsvoVaHJq/s5xXI6/XXP6tz7R9xAOtHnSO/tXtF3WRTlA=="
  "resolved" "https://registry.npmjs.org/ms/-/ms-2.1.3.tgz"
  "version" "2.1.3"

"ms@2.0.0":
  "integrity" "sha1-VgiurfwAvmwpAd9fmGF4jeDVl8g="
  "resolved" "https://registry.npmjs.org/ms/-/ms-2.0.0.tgz"
  "version" "2.0.0"

"ms@2.1.2":
  "integrity" "sha512-sGkPx+VjMtmA6MX27oA4FBFELFCZZ4S4XqeGOXCv68tT+jb3vk/RyaKWP0PTKyWtmLSM0b+adUTEvbs1PEaH2w=="
  "resolved" "https://registry.npmjs.org/ms/-/ms-2.1.2.tgz"
  "version" "2.1.2"

"ms@2.1.3":
  "integrity" "sha512-6FlzubTLZG3J2a/NVCAleEhjzq5oxgHyaCU9yYXvcLsvoVaHJq/s5xXI6/XXP6tz7R9xAOtHnSO/tXtF3WRTlA=="
  "resolved" "https://registry.npmjs.org/ms/-/ms-2.1.3.tgz"
  "version" "2.1.3"

"nearley@^2.19.5":
  "integrity" "sha512-+Mc8UaAebFzgV+KpI5n7DasuuQCHA89dmwm7JXw3TV43ukfNQ9DnBH3Mdb2g/I4Fdxc26pwimBWvjIw0UAILSQ=="
  "resolved" "https://registry.npmjs.org/nearley/-/nearley-2.20.1.tgz"
  "version" "2.20.1"
  dependencies:
    "commander" "^2.19.0"
    "moo" "^0.5.0"
    "railroad-diagrams" "^1.0.0"
    "randexp" "0.4.6"

"negotiator@0.6.3":
  "integrity" "sha512-+EUsqGPLsM+j/zdChZjsnX51g4XrHFOIXwfnCVPGlQk/k5giakcKsuxCObBRu6DSm9opw/O6slWbJdghQM4bBg=="
  "resolved" "https://registry.npmjs.org/negotiator/-/negotiator-0.6.3.tgz"
  "version" "0.6.3"

"node-fetch@^2.6.1":
  "integrity" "sha512-ZjMPFEfVx5j+y2yF35Kzx5sF7kDzxuDj6ziH4FFbOp87zKDZNx8yExJIb05OGF4Nlt9IHFIMBkRl41VdvcNdbQ=="
  "resolved" "https://registry.npmjs.org/node-fetch/-/node-fetch-2.6.7.tgz"
  "version" "2.6.7"
  dependencies:
    "whatwg-url" "^5.0.0"

"node-rsa@^0.4.2":
  "integrity" "sha1-1jkXKewWqDDtWjgEKzFX0tXXJTA="
  "resolved" "https://registry.npmjs.org/node-rsa/-/node-rsa-0.4.2.tgz"
  "version" "0.4.2"
  dependencies:
    "asn1" "0.2.3"

"object-inspect@^1.9.0":
  "integrity" "sha512-Ho2z80bVIvJloH+YzRmpZVQe87+qASmBUKZDWgx9cu+KDrX2ZDH/3tMy+gXbZETVGs2M8YdxObOh7XAtim9Y0g=="
  "resolved" "https://registry.npmjs.org/object-inspect/-/object-inspect-1.12.0.tgz"
  "version" "1.12.0"

"on-finished@2.4.1":
  "integrity" "sha512-oVlzkg3ENAhCk2zdv7IJwd/QUD4z2RxRwpkcGY8psCVcCYZNq4wYnVWALHM+brtuJjePWiYF/ClmuDr8Ch5+kg=="
  "resolved" "https://registry.npmjs.org/on-finished/-/on-finished-2.4.1.tgz"
  "version" "2.4.1"
  dependencies:
    "ee-first" "1.1.1"

"parseurl@~1.3.3":
  "integrity" "sha512-CiyeOxFT/JZyN5m0z9PfXw4SCBJ6Sygz1Dpl0wqjlhDEGGBP1GnsUVEL0p63hoG1fcj3fHynXi9NYO4nWOL+qQ=="
  "resolved" "https://registry.npmjs.org/parseurl/-/parseurl-1.3.3.tgz"
  "version" "1.3.3"

"path-to-regexp@0.1.7":
  "integrity" "sha1-32BBeABfUi8V60SQ5yR6G/qmf4w="
  "resolved" "https://registry.npmjs.org/path-to-regexp/-/path-to-regexp-0.1.7.tgz"
  "version" "0.1.7"

"prism-media@^1.2.9":
  "integrity" "sha512-L6UsGHcT6i4wrQhFF1aPK+MNYgjRqR2tUoIqEY+CG1NqVkMjPRKzS37j9f8GiYPlD6wG9ruBj+q5Ax+bH8Ik1g=="
  "resolved" "https://registry.npmjs.org/prism-media/-/prism-media-1.3.2.tgz"
  "version" "1.3.2"

"prismarine-auth@^1.1.0":
  "integrity" "sha512-v7viuwMTdbFTJoXkbO5yVEWtd5OW6+WgKMkTIYWkxpHhgx9z1soTFShRglcBLFxZpPIKeEeRDqK5y05GKWYZ0w=="
  "resolved" "https://registry.npmjs.org/prismarine-auth/-/prismarine-auth-1.5.2.tgz"
  "version" "1.5.2"
  dependencies:
    "@azure/msal-node" "^1.1.0"
    "@xboxreplay/xboxlive-auth" "^3.3.3"
    "debug" "^4.3.3"
    "jose" "^4.1.4"
    "node-fetch" "^2.6.1"
    "smart-buffer" "^4.1.0"
    "uuid-1345" "^1.0.2"

"prismarine-biome@^1.1.0", "prismarine-biome@^1.1.1", "prismarine-biome@^1.2.0":
  "integrity" "sha512-GY6nZxq93mTErT7jD7jt8YS1aPrOakbJHh39seYsJFXvueIOdHAmW16kYQVrTVMW5MlWLQVxV/EquRwOgr4MnQ=="
  "resolved" "https://registry.npmjs.org/prismarine-biome/-/prismarine-biome-1.3.0.tgz"
  "version" "1.3.0"

"prismarine-block@^1.13.1", "prismarine-block@^1.14.1":
  "integrity" "sha512-E9OazjIqnEgcXM6me6EIeQFMcNRWZzsaftWtetRSIKVoW+4UKWleb6lTNKh9kq7wNxciKavcYBmKL3sF7HfSaA=="
  "resolved" "https://registry.npmjs.org/prismarine-block/-/prismarine-block-1.16.3.tgz"
  "version" "1.16.3"
  dependencies:
    "minecraft-data" "^3.0.0"
    "prismarine-biome" "^1.1.0"
    "prismarine-chat" "^1.5.0"
    "prismarine-item" "^1.10.1"
    "prismarine-nbt" "^2.0.0"
    "prismarine-registry" "^1.1.0"

"prismarine-chat@^1.3.3", "prismarine-chat@^1.4.1", "prismarine-chat@^1.5.0":
  "integrity" "sha512-BvDR6Jzz9aoSKa7L5peOPzEp0MyrEj+N5nRaBT2VBpPtGXx+jQCxqAK7XDWF65Z5iRhjubfGdZZf65ayWG3oDA=="
  "resolved" "https://registry.npmjs.org/prismarine-chat/-/prismarine-chat-1.6.1.tgz"
  "version" "1.6.1"
  dependencies:
    "minecraft-data" "^3.0.0"
    "mojangson" "^2.0.1"
    "prismarine-item" "^1.10.0"
    "prismarine-nbt" "^2.0.0"
    "sprintf-js" "^1.1.2"

"prismarine-chunk@^1.29.0":
  "integrity" "sha512-Co5nE63yRabMaK2dRfflk5fGbNafFStz5zm8fsgUmG0g4d7qtPvIuQiB7kpl66pm+nv55rtQcW2UvxCo6u4w1A=="
  "resolved" "https://registry.npmjs.org/prismarine-chunk/-/prismarine-chunk-1.31.0.tgz"
  "version" "1.31.0"
  dependencies:
    "minecraft-data" "^3.0.0"
    "prismarine-biome" "^1.2.0"
    "prismarine-block" "^1.14.1"
    "prismarine-registry" "^1.1.0"
    "smart-buffer" "^4.1.0"
    "uint4" "^0.1.2"
    "vec3" "^0.1.3"
    "xxhash-wasm" "^0.4.2"

"prismarine-entity@^2.0.0":
  "integrity" "sha512-79iWUYNf0KRhMvvVJ4TTCQQZItPanA5zWBstx+eu98480WrCWi9fCdCPtY0Bsl4+o+tnkcTb6oMLlndx4yPwLA=="
  "resolved" "https://registry.npmjs.org/prismarine-entity/-/prismarine-entity-2.1.1.tgz"
  "version" "2.1.1"
  dependencies:
    "minecraft-data" "^3.0.0"
    "prismarine-chat" "^1.4.1"
    "prismarine-item" "^1.11.2"
    "vec3" "^0.1.4"

"prismarine-item@^1.10.0", "prismarine-item@^1.10.1", "prismarine-item@^1.11.2", "prismarine-item@^1.11.5", "prismarine-item@^1.5.0":
  "integrity" "sha512-aWH1AXTiSDUUM0LVnFtJJ96If/sOiuM3DBZmSvtwFD+ufQsF3WndH2QW2Pv6FbabKByneF9xyPsq5dhUnvcG7g=="
  "resolved" "https://registry.npmjs.org/prismarine-item/-/prismarine-item-1.11.5.tgz"
  "version" "1.11.5"
  dependencies:
    "minecraft-data" "^3.0.0"
    "prismarine-nbt" "^2.0.0"

"prismarine-nbt@^2.0.0":
  "integrity" "sha512-Mb50c58CPnuZ+qvM31DBa08tf9UumlTq1LkvpMoUpKfCuN05GZHTqCUwER3lxTSHLL0GZKghIPbYR/JQkINijQ=="
  "resolved" "https://registry.npmjs.org/prismarine-nbt/-/prismarine-nbt-2.2.1.tgz"
  "version" "2.2.1"
  dependencies:
    "protodef" "^1.9.0"

"prismarine-physics@^1.3.1":
  "integrity" "sha512-jzaE6EvZy5gbKgc3hkTlve/KxAjenbV3bREj1JLP1cnkJPFrwbiAP5gig76vzooqtBw9Qvg0Z2jXywsp4JuqPA=="
  "resolved" "https://registry.npmjs.org/prismarine-physics/-/prismarine-physics-1.5.0.tgz"
  "version" "1.5.0"
  dependencies:
    "minecraft-data" "^3.0.0"
    "prismarine-nbt" "^2.0.0"
    "vec3" "^0.1.7"

"prismarine-recipe@^1.1.0":
  "integrity" "sha512-ZkCtEi5xDS7tAJgDS/BxjvEYPAXusikcyIWYhPOpA6nslIUqWF5+QevC6FpNa3eQVdebgiNBQqHggcnI4xww5g=="
  "resolved" "https://registry.npmjs.org/prismarine-recipe/-/prismarine-recipe-1.2.0.tgz"
  "version" "1.2.0"

"prismarine-registry@^1.0.0", "prismarine-registry@^1.1.0":
  "integrity" "sha512-c3aEnn9/KrHo0zv4KihX0caFilCw5VW8Kaj9LXtArGRk5NkncDCguhM0S1SEj4WqoXsFSY4yG5HM5G4F92SKHg=="
  "resolved" "https://registry.npmjs.org/prismarine-registry/-/prismarine-registry-1.2.0.tgz"
  "version" "1.2.0"
  dependencies:
    "minecraft-data" "^3.0.0"
    "prismarine-nbt" "^2.0.0"

"prismarine-windows@^2.4.2":
  "integrity" "sha512-bjva7DtEu9V37SGgCqMiAgMRtwTypqyB95bS8VULUxoMPNhbcyTxdQhU6Fe2OFq4ufT9x3hGMKpMwJy+oepE0A=="
  "resolved" "https://registry.npmjs.org/prismarine-windows/-/prismarine-windows-2.4.4.tgz"
  "version" "2.4.4"
  dependencies:
    "minecraft-data" "^3.0.0"
    "prismarine-item" "^1.5.0"

"prismarine-world@^3.6.0":
  "integrity" "sha512-sv7rR+vJ/ac3/dm4MoumreL4eqMi3B+h8I+JDYXQkNCdSJJISniQvi5qS4zTnAUCGXx/N6QfQ02bjBfyEoZuRw=="
  "resolved" "https://registry.npmjs.org/prismarine-world/-/prismarine-world-3.6.1.tgz"
  "version" "3.6.1"
  dependencies:
    "vec3" "^0.1.7"

"protodef-validator@^1.3.0":
  "integrity" "sha512-lZ5FWKZYR9xOjpMw1+EfZRfCjzNRQWPq+Dk+jki47Sikl2EeWEPnTfnJERwnU/EwFq6us+0zqHHzSsmLeYX+Lg=="
  "resolved" "https://registry.npmjs.org/protodef-validator/-/protodef-validator-1.3.1.tgz"
  "version" "1.3.1"
  dependencies:
    "ajv" "^6.5.4"

"protodef@^1.14.0", "protodef@^1.8.0", "protodef@^1.9.0":
  "integrity" "sha512-bZ2Omw8dT+DACjJHLrBWZlqN4MlT9g9oSpJDdkUAJOStUzgJp+Zn42FJfPUdwutUxjaxA0PftN0PDlNa2XbneA=="
  "resolved" "https://registry.npmjs.org/protodef/-/protodef-1.15.0.tgz"
  "version" "1.15.0"
  dependencies:
    "lodash.get" "^4.4.2"
    "lodash.reduce" "^4.6.0"
    "protodef-validator" "^1.3.0"
    "readable-stream" "^3.0.3"

"proxy-addr@~2.0.7":
  "integrity" "sha512-llQsMLSUDUPT44jdrU/O37qlnifitDP+ZwrmmZcoSKyLKvtZxpyV0n2/bD/N4tBAAZ/gJEdZU7KMraoK1+XYAg=="
  "resolved" "https://registry.npmjs.org/proxy-addr/-/proxy-addr-2.0.7.tgz"
  "version" "2.0.7"
  dependencies:
    "forwarded" "0.2.0"
    "ipaddr.js" "1.9.1"

"punycode@^2.1.0":
  "integrity" "sha512-XRsRjdf+j5ml+y/6GKHPZbrF/8p2Yga0JPtdqTIY2Xe5ohJPD9saDJJLPvp9+NSBprVvevdXZybnj2cv8OEd0A=="
  "resolved" "https://registry.npmjs.org/punycode/-/punycode-2.1.1.tgz"
  "version" "2.1.1"

"qs@6.10.3":
  "integrity" "sha512-wr7M2E0OFRfIfJZjKGieI8lBKb7fRCH4Fv5KNPEs7gJ8jadvotdsS08PzOKR7opXhZ/Xkjtt3WF9g38drmyRqQ=="
  "resolved" "https://registry.npmjs.org/qs/-/qs-6.10.3.tgz"
  "version" "6.10.3"
  dependencies:
    "side-channel" "^1.0.4"

"railroad-diagrams@^1.0.0":
  "integrity" "sha1-635iZ1SN3t+4mcG5Dlc3RVnN234="
  "resolved" "https://registry.npmjs.org/railroad-diagrams/-/railroad-diagrams-1.0.0.tgz"
  "version" "1.0.0"

"randexp@0.4.6":
  "integrity" "sha512-80WNmd9DA0tmZrw9qQa62GPPWfuXJknrmVmLcxvq4uZBdYqb1wYoKTmnlGUchvVWe0XiLupYkBoXVOxz3C8DYQ=="
  "resolved" "https://registry.npmjs.org/randexp/-/randexp-0.4.6.tgz"
  "version" "0.4.6"
  dependencies:
    "discontinuous-range" "1.0.0"
    "ret" "~0.1.10"

"range-parser@~1.2.1":
  "integrity" "sha512-Hrgsx+orqoygnmhFbKaHE6c296J+HTAQXoxEF6gNupROmmGJRoyzfG3ccAveqCBrwr/2yxQ5BVd/GTl5agOwSg=="
  "resolved" "https://registry.npmjs.org/range-parser/-/range-parser-1.2.1.tgz"
  "version" "1.2.1"

"raw-body@2.5.1":
  "integrity" "sha512-qqJBtEyVgS0ZmPGdCFPWJ3FreoqvG4MVQln/kCgF7Olq95IbOp0/BWyMwbdtn4VTvkM8Y7khCQ2Xgk/tcrCXig=="
  "resolved" "https://registry.npmjs.org/raw-body/-/raw-body-2.5.1.tgz"
  "version" "2.5.1"
  dependencies:
    "bytes" "3.1.2"
    "http-errors" "2.0.0"
    "iconv-lite" "0.4.24"
    "unpipe" "1.0.0"

"readable-stream@^3.0.3", "readable-stream@^3.0.6":
  "integrity" "sha512-BViHy7LKeTz4oNnkcLJ+lVSL6vpiFeX6/d3oSH8zCW7UxP2onchk+vTGB143xuFjHS3deTgkKoXXymXqymiIdA=="
  "resolved" "https://registry.npmjs.org/readable-stream/-/readable-stream-3.6.0.tgz"
  "version" "3.6.0"
  dependencies:
    "inherits" "^2.0.3"
    "string_decoder" "^1.1.1"
    "util-deprecate" "^1.0.1"

"ret@~0.1.10":
  "integrity" "sha512-TTlYpa+OL+vMMNG24xSlQGEJ3B/RzEfUlLct7b5G/ytav+wPrplCpVMFuwzXbkecJrb6IYo1iFb0S9v37754mg=="
  "resolved" "https://registry.npmjs.org/ret/-/ret-0.1.15.tgz"
  "version" "0.1.15"

"safe-buffer@*", "safe-buffer@^5.0.1", "safe-buffer@~5.2.0", "safe-buffer@5.2.1":
  "integrity" "sha512-rp3So07KcdmmKbGvgaNxQSJr7bGVSVk5S9Eq1F+ppbRo70+YeaDxkw5Dd8NPN+GD6bjnYm2VuPuCXmpuYvmCXQ=="
  "resolved" "https://registry.npmjs.org/safe-buffer/-/safe-buffer-5.2.1.tgz"
  "version" "5.2.1"

"safer-buffer@>= 2.1.2 < 3":
  "integrity" "sha512-YZo3K82SD7Riyi0E1EQPojLz7kpepnSQI9IyPbHHg1XXXevb5dJI7tpyN2ADxGcQbHG7vcyRHk0cbwqcQriUtg=="
  "resolved" "https://registry.npmjs.org/safer-buffer/-/safer-buffer-2.1.2.tgz"
  "version" "2.1.2"

"semver@^5.6.0":
  "integrity" "sha512-sauaDf/PZdVgrLTNYHRtpXa1iRiKcaebiKQ1BJdpQlWH2lCvexQdX55snPFyK7QzpudqbCI0qXFfOasHdyNDGQ=="
  "resolved" "https://registry.npmjs.org/semver/-/semver-5.7.1.tgz"
  "version" "5.7.1"

"send@0.18.0":
  "integrity" "sha512-qqWzuOjSFOuqPjFe4NOsMLafToQQwBSOEpS+FwEt3A2V3vKubTquT3vmLTQpFgMXp8AlFWFuP1qKaJZOtPpVXg=="
  "resolved" "https://registry.npmjs.org/send/-/send-0.18.0.tgz"
  "version" "0.18.0"
  dependencies:
    "debug" "2.6.9"
    "depd" "2.0.0"
    "destroy" "1.2.0"
    "encodeurl" "~1.0.2"
    "escape-html" "~1.0.3"
    "etag" "~1.8.1"
    "fresh" "0.5.2"
    "http-errors" "2.0.0"
    "mime" "1.6.0"
    "ms" "2.1.3"
    "on-finished" "2.4.1"
    "range-parser" "~1.2.1"
    "statuses" "2.0.1"

"serve-static@1.15.0":
  "integrity" "sha512-XGuRDNjXUijsUL0vl6nSD7cwURuzEgglbOaFuZM9g3kwDXOWVTck0jLzjPzGD+TazWbboZYu52/9/XPdUgne9g=="
  "resolved" "https://registry.npmjs.org/serve-static/-/serve-static-1.15.0.tgz"
  "version" "1.15.0"
  dependencies:
    "encodeurl" "~1.0.2"
    "escape-html" "~1.0.3"
    "parseurl" "~1.3.3"
    "send" "0.18.0"

"setimmediate@^1.0.5":
  "integrity" "sha1-KQy7Iy4waULX1+qbg3Mqt4VvgoU="
  "resolved" "https://registry.npmjs.org/setimmediate/-/setimmediate-1.0.5.tgz"
  "version" "1.0.5"

"setprototypeof@1.2.0":
  "integrity" "sha512-E5LDX7Wrp85Kil5bhZv46j8jOeboKq5JMmYM3gVGdGH8xFpPWXUMsNrlODCrkoxMEeNi/XZIwuRvY4XNwYMJpw=="
  "resolved" "https://registry.npmjs.org/setprototypeof/-/setprototypeof-1.2.0.tgz"
  "version" "1.2.0"

"side-channel@^1.0.4":
  "integrity" "sha512-q5XPytqFEIKHkGdiMIrY10mvLRvnQh42/+GoBlFW3b2LXLE2xxJpZFdm94we0BaoV3RwJyGqg5wS7epxTv0Zvw=="
  "resolved" "https://registry.npmjs.org/side-channel/-/side-channel-1.0.4.tgz"
  "version" "1.0.4"
  dependencies:
    "call-bind" "^1.0.0"
    "get-intrinsic" "^1.0.2"
    "object-inspect" "^1.9.0"

"smart-buffer@^4.1.0":
  "integrity" "sha512-94hK0Hh8rPqQl2xXc3HsaBoOXKV20MToPkcXvwbISWLEs+64sBq5kFgn2kJDHb1Pry9yrP0dxrCI9RRci7RXKg=="
  "resolved" "https://registry.npmjs.org/smart-buffer/-/smart-buffer-4.2.0.tgz"
  "version" "4.2.0"

"sprintf-js@^1.1.2":
  "integrity" "sha512-VE0SOVEHCk7Qc8ulkWw3ntAzXuqf7S2lvwQaDLRnUeIEaKNQJzV6BwmLKhOqT61aGhfUMrXeaBk+oDGCzvhcug=="
  "resolved" "https://registry.npmjs.org/sprintf-js/-/sprintf-js-1.1.2.tgz"
  "version" "1.1.2"

"statuses@2.0.1":
  "integrity" "sha512-RwNA9Z/7PrK06rYLIzFMlaF+l73iwpzsqRIFgbMLbTcLD6cOao82TaWefPXQvB2fOC4AjuYSEndS7N/mTCbkdQ=="
  "resolved" "https://registry.npmjs.org/statuses/-/statuses-2.0.1.tgz"
  "version" "2.0.1"

"string_decoder@^1.1.1":
  "integrity" "sha512-hkRX8U1WjJFd8LsDJ2yQ/wWWxaopEsABU1XfkM8A+j0+85JAGppt16cr1Whg6KIbb4okU6Mql6BOj+uup/wKeA=="
  "resolved" "https://registry.npmjs.org/string_decoder/-/string_decoder-1.3.0.tgz"
  "version" "1.3.0"
  dependencies:
    "safe-buffer" "~5.2.0"

"supports-color@^7.1.0":
  "integrity" "sha512-qpCAvRl9stuOHveKsn7HncJRvv501qIacKzQlO/+Lwxc9+0q2wLyv4Dfvt80/DPn2pqOBsJdDiogXGR9+OvwRw=="
  "resolved" "https://registry.npmjs.org/supports-color/-/supports-color-7.2.0.tgz"
  "version" "7.2.0"
  dependencies:
    "has-flag" "^4.0.0"

"toidentifier@1.0.1":
  "integrity" "sha512-o5sSPKEkg/DIQNmH43V0/uerLrpzVedkUh8tGNvaeXpfpuwjKenlSox/2O/BTlZUtEe+JG7s5YhEz608PlAHRA=="
  "resolved" "https://registry.npmjs.org/toidentifier/-/toidentifier-1.0.1.tgz"
  "version" "1.0.1"

"tr46@~0.0.3":
  "integrity" "sha1-gYT9NH2snNwYWZLzpmIuFLnZq2o="
  "resolved" "https://registry.npmjs.org/tr46/-/tr46-0.0.3.tgz"
  "version" "0.0.3"

"tweetnacl@^1.0.3":
  "integrity" "sha512-6rt+RN7aOi1nGMyC4Xa5DdYiukl2UWCbcJft7YhxReBGQD7OAM8Pbxw6YMo4r2diNEA8FEmu32YOn9rhaiE5yw=="
  "resolved" "https://registry.npmjs.org/tweetnacl/-/tweetnacl-1.0.3.tgz"
  "version" "1.0.3"

"type-is@~1.6.18":
  "integrity" "sha512-TkRKr9sUTxEH8MdfuCSP7VizJyzRNMjj2J2do2Jr3Kym598JVdEksuzPQCnlFPW4ky9Q+iA+ma9BGm06XQBy8g=="
  "resolved" "https://registry.npmjs.org/type-is/-/type-is-1.6.18.tgz"
  "version" "1.6.18"
  dependencies:
    "media-typer" "0.3.0"
    "mime-types" "~2.1.24"

"typed-emitter@^1.0.0":
  "integrity" "sha512-weBmoo3HhpKGgLBOYwe8EB31CzDFuaK7CCL+axXhUYhn4jo6DSkHnbefboCF5i4DQ2aMFe0C/FdTWcPdObgHyg=="
  "resolved" "https://registry.npmjs.org/typed-emitter/-/typed-emitter-1.4.0.tgz"
  "version" "1.4.0"

"uint4@^0.1.2":
  "integrity" "sha1-UMWuBLhdKBKPLfPMDsxNQavC9oE="
  "resolved" "https://registry.npmjs.org/uint4/-/uint4-0.1.2.tgz"
  "version" "0.1.2"

"unpipe@~1.0.0", "unpipe@1.0.0":
  "integrity" "sha1-sr9O6FFKrmFltIF4KdIbLvSZBOw="
  "resolved" "https://registry.npmjs.org/unpipe/-/unpipe-1.0.0.tgz"
  "version" "1.0.0"

"uri-js@^4.2.2":
  "integrity" "sha512-7rKUyy33Q1yc98pQ1DAmLtwX109F7TIfWlW1Ydo8Wl1ii1SeHieeh0HHfPeL2fMXK6z0s8ecKs9frCuLJvndBg=="
  "resolved" "https://registry.npmjs.org/uri-js/-/uri-js-4.4.1.tgz"
  "version" "4.4.1"
  dependencies:
    "punycode" "^2.1.0"

"util-deprecate@^1.0.1":
  "integrity" "sha1-RQ1Nyfpw3nMnYvvS1KKJgUGaDM8="
  "resolved" "https://registry.npmjs.org/util-deprecate/-/util-deprecate-1.0.2.tgz"
  "version" "1.0.2"

"utils-merge@1.0.1":
  "integrity" "sha1-n5VxD1CiZ5R7LMwSR0HBAoQn5xM="
  "resolved" "https://registry.npmjs.org/utils-merge/-/utils-merge-1.0.1.tgz"
  "version" "1.0.1"

"uuid-1345@^1.0.1", "uuid-1345@^1.0.2":
  "integrity" "sha512-bA5zYZui+3nwAc0s3VdGQGBfbVsJLVX7Np7ch2aqcEWFi5lsAEcmO3+lx3djM1npgpZI8KY2FITZ2uYTnYUYyw=="
  "resolved" "https://registry.npmjs.org/uuid-1345/-/uuid-1345-1.0.2.tgz"
  "version" "1.0.2"
  dependencies:
    "macaddress" "^0.5.1"

"uuid@^8.2.0", "uuid@^8.3.0":
  "integrity" "sha512-+NYs2QeMWy+GWFOEm9xnn6HCDp0l7QBD7ml8zLUmJ+93Q5NF0NocErnwkTkXVFNiX3/fpC6afS8Dhb/gz7R7eg=="
  "resolved" "https://registry.npmjs.org/uuid/-/uuid-8.3.2.tgz"
  "version" "8.3.2"

"vary@~1.1.2":
  "integrity" "sha1-IpnwLG3tMNSllhsLn3RSShj2NPw="
  "resolved" "https://registry.npmjs.org/vary/-/vary-1.1.2.tgz"
  "version" "1.1.2"

"vec3@^0.1.3", "vec3@^0.1.4", "vec3@^0.1.7":
  "integrity" "sha512-EZSeXBL+L3go2wWwtQQse4fEcNGIQjT14qvi4LYVj1ifZt/J5XZ1QZqkDuOVVH07YwTEIFbsAv3pzwUpF7x9Wg=="
  "resolved" "https://registry.npmjs.org/vec3/-/vec3-0.1.7.tgz"
  "version" "0.1.7"

"webidl-conversions@^3.0.0":
  "integrity" "sha1-JFNCdeKnvGvnvIZhHMFq4KVlSHE="
  "resolved" "https://registry.npmjs.org/webidl-conversions/-/webidl-conversions-3.0.1.tgz"
  "version" "3.0.1"

"whatwg-url@^5.0.0":
  "integrity" "sha1-lmRU6HZUYuN2RNNib2dCzotwll0="
  "resolved" "https://registry.npmjs.org/whatwg-url/-/whatwg-url-5.0.0.tgz"
  "version" "5.0.0"
  dependencies:
    "tr46" "~0.0.3"
    "webidl-conversions" "^3.0.0"

"ws@^7.4.4":
  "integrity" "sha512-KMvVuFzpKBuiIXW3E4u3mySRO2/mCHSyZDJQM5NQ9Q9KHWHWh0NHgfbRMLLrceUK5qAL4ytALJbpRMjixFZh8A=="
  "resolved" "https://registry.npmjs.org/ws/-/ws-7.5.7.tgz"
  "version" "7.5.7"

"xxhash-wasm@^0.4.2":
  "integrity" "sha512-/eyHVRJQCirEkSZ1agRSCwriMhwlyUcFkXD5TPVSLP+IPzjsqMVzZwdoczLp1SoQU0R3dxz1RpIK+4YNQbCVOA=="
  "resolved" "https://registry.npmjs.org/xxhash-wasm/-/xxhash-wasm-0.4.2.tgz"
  "version" "0.4.2"

"yarn.lock@^0.0.1-security":
  "integrity" "sha512-ZRX6v5zGCJMI1T2aO+BQxJggy1vvorXEwonQhWXIC+brO7lkDB3zWelVNAti183ddH6FmJP8z4UDCJnJlioK4Q=="
  "resolved" "https://registry.npmjs.org/yarn.lock/-/yarn.lock-0.0.1-security.tgz"
  "version" "0.0.1-security"

"yggdrasil@^1.4.0":
  "integrity" "sha512-QBIo5fiNd7688G3FqXXYGr36uyrYzczlNuzpWFy2zL3+R+3KT2lF+wFxm51synfA3l3z6IBiGOc1/EVXWCYY1Q=="
  "resolved" "https://registry.npmjs.org/yggdrasil/-/yggdrasil-1.7.0.tgz"
  "version" "1.7.0"
  dependencies:
    "node-fetch" "^2.6.1"
    "uuid" "^8.2.0"
